
Microsoft Visual Studio Solution File, Format Version 12.00
# Visual Studio Version 17
VisualStudioVersion = 17.1.32210.238
MinimumVisualStudioVersion = 10.0.40219.1
Project("{9A19103F-16F7-4668-BE54-9A1E7A4F7556}") = "KentuckyProudSeedCo.Service", "KentuckyProudSeedCo.Service\KentuckyProudSeedCo.Service.csproj", "{17633BA5-0232-4A13-A038-AE97817386F8}"
EndProject
Project("{FAE04EC0-301F-11D3-BF4B-00C04F79EFBC}") = "KentuckyProudSeedCo.Data", "KentuckyProudSeedCo.Data\KentuckyProudSeedCo.Data.csproj", "{1C17C3FF-7D8D-4CE5-BACF-6CE83AAF982C}"
EndProject
Global
	GlobalSection(SolutionConfigurationPlatforms) = preSolution
		Debug|Any CPU = Debug|Any CPU
		Release|Any CPU = Release|Any CPU
	EndGlobalSection
	GlobalSection(ProjectConfigurationPlatforms) = postSolution
		{17633BA5-0232-4A13-A038-AE97817386F8}.Debug|Any CPU.ActiveCfg = Debug|Any CPU
		{17633BA5-0232-4A13-A038-AE97817386F8}.Debug|Any CPU.Build.0 = Debug|Any CPU
		{17633BA5-0232-4A13-A038-AE97817386F8}.Release|Any CPU.ActiveCfg = Release|Any CPU
		{17633BA5-0232-4A13-A038-AE97817386F8}.Release|Any CPU.Build.0 = Release|Any CPU
		{1C17C3FF-7D8D-4CE5-BACF-6CE83AAF982C}.Debug|Any CPU.ActiveCfg = Debug|Any CPU
		{1C17C3FF-7D8D-4CE5-BACF-6CE83AAF982C}.Debug|Any CPU.Build.0 = Debug|Any CPU
		{1C17C3FF-7D8D-4CE5-BACF-6CE83AAF982C}.Release|Any CPU.ActiveCfg = Release|Any CPU
		{1C17C3FF-7D8D-4CE5-BACF-6CE83AAF982C}.Release|Any CPU.Build.0 = Release|Any CPU
	EndGlobalSection
	GlobalSection(SolutionProperties) = preSolution
		HideSolutionNode = FALSE
	EndGlobalSection
	GlobalSection(ExtensibilityGlobals) = postSolution
		SolutionGuid = {4D96E084-03E1-4B3E-ABA3-6894BB616798}
	EndGlobalSection
EndGlobal
