
Microsoft Visual Studio Solution File, Format Version 12.00
# Visual Studio Version 16
VisualStudioVersion = 16.0.31205.134
MinimumVisualStudioVersion = 10.0.40219.1
Project("{FAE04EC0-301F-11D3-BF4B-00C04F79EFBC}") = "KyProudSeedCoService", "KyProudSeedCoService\KyProudSeedCoService.csproj", "{E1C98031-DDEC-4602-82F2-F3E4CA6479DB}"
EndProject
Project("{FAE04EC0-301F-11D3-BF4B-00C04F79EFBC}") = "KyProudSeedCoData", "KyProudSeedCoData\KyProudSeedCoData.csproj", "{FBD73BDC-DE03-45B9-BB33-3F2ACEE095E4}"
EndProject
Global
	GlobalSection(SolutionConfigurationPlatforms) = preSolution
		Debug|Any CPU = Debug|Any CPU
		Release|Any CPU = Release|Any CPU
	EndGlobalSection
	GlobalSection(ProjectConfigurationPlatforms) = postSolution
		{E1C98031-DDEC-4602-82F2-F3E4CA6479DB}.Debug|Any CPU.ActiveCfg = Debug|Any CPU
		{E1C98031-DDEC-4602-82F2-F3E4CA6479DB}.Debug|Any CPU.Build.0 = Debug|Any CPU
		{E1C98031-DDEC-4602-82F2-F3E4CA6479DB}.Release|Any CPU.ActiveCfg = Release|Any CPU
		{E1C98031-DDEC-4602-82F2-F3E4CA6479DB}.Release|Any CPU.Build.0 = Release|Any CPU
		{FBD73BDC-DE03-45B9-BB33-3F2ACEE095E4}.Debug|Any CPU.ActiveCfg = Debug|Any CPU
		{FBD73BDC-DE03-45B9-BB33-3F2ACEE095E4}.Debug|Any CPU.Build.0 = Debug|Any CPU
		{FBD73BDC-DE03-45B9-BB33-3F2ACEE095E4}.Release|Any CPU.ActiveCfg = Release|Any CPU
		{FBD73BDC-DE03-45B9-BB33-3F2ACEE095E4}.Release|Any CPU.Build.0 = Release|Any CPU
	EndGlobalSection
	GlobalSection(SolutionProperties) = preSolution
		HideSolutionNode = FALSE
	EndGlobalSection
	GlobalSection(ExtensibilityGlobals) = postSolution
		SolutionGuid = {5607FA74-EC97-4BFD-8C58-FDE70D80B777}
	EndGlobalSection
EndGlobal
